{
    "_readme": [
        "This file locks the dependencies of your project to a known state",
        "Read more about it at https://getcomposer.org/doc/01-basic-usage.md#installing-dependencies",
        "This file is @generated automatically"
    ],
    "content-hash": "a158047e377a185d03234d5207ab5a94",
    "packages": [
        {
            "name": "edsdk/flmngr-server-php",
            "version": "1.1.2",
            "source": {
                "type": "git",
                "url": "https://github.com/edsdk/flmngr-server-php.git",
                "reference": "892441a45d6a430b1d00cdc27de4204522d9c78c"
            },
            "dist": {
                "type": "zip",
                "url": "https://api.github.com/repos/edsdk/flmngr-server-php/zipball/892441a45d6a430b1d00cdc27de4204522d9c78c",
                "reference": "892441a45d6a430b1d00cdc27de4204522d9c78c",
                "shasum": ""
            },
            "require": {
                "ext-curl": "*",
                "ext-gd": "*",
                "ext-json": "*"
            },
            "type": "library",
            "autoload": {
                "psr-4": {
                    "EdSDK\\FlmngrServer\\": "src/"
                }
            },
            "notification-url": "https://packagist.org/downloads/",
            "license": [
                "proprietary"
            ],
            "authors": [
                {
                    "name": "EdSDK / N1ED / Flmngr team",
                    "email": "support@n1ed.zendesk.com"
                },
                {
                    "name": "Ilia Kandaurov",
                    "email": "ilia@kandaurov.su"
                }
            ],
            "description": "Flmngr file manager PHP backend",
            "homepage": "https://flmngr.com",
            "keywords": [
                "file",
                "finder",
                "image",
                "imgpen",
                "manager",
                "server",
                "upload"
            ],
            "support": {
                "issues": "https://github.com/edsdk/flmngr-server-php/issues",
                "source": "https://github.com/edsdk/flmngr-server-php/tree/1.1.2"
            },
            "time": "2022-03-23T15:56:16+00:00"
        }
    ],
    "packages-dev": [],
    "aliases": [],
    "minimum-stability": "stable",
    "stability-flags": [],
    "prefer-stable": false,
    "prefer-lowest": false,
    "platform": [],
    "platform-dev": [],
    "plugin-api-version": "2.0.0"
}
